
Microsoft Visual Studio Solution File, Format Version 12.00
# Visual Studio Version 17
VisualStudioVersion = 17.9.34902.65
MinimumVisualStudioVersion = 10.0.40219.1
Project("{2150E333-8FDC-42A3-9474-1A3956D46DE8}") = "Executions", "Executions", "{D4381078-6591-4914-8F3E-E8DE7D19947C}"
EndProject
Project("{9A19103F-16F7-4668-BE54-9A1E7A4F7556}") = "FSTD.API", "src\FSTD.API\FSTD.API.csproj", "{F7797B1E-1A72-4C64-ACF1-7DA4F2C931F8}"
EndProject
Project("{2150E333-8FDC-42A3-9474-1A3956D46DE8}") = "Layers", "Layers", "{DEE47F12-F4E6-4918-A9EE-E40C5EA497FC}"
EndProject
Project("{9A19103F-16F7-4668-BE54-9A1E7A4F7556}") = "FSTD.Application", "src\FSTD.Application\FSTD.Application.csproj", "{253D0F69-8237-41B9-A628-00721CBEF5FC}"
EndProject
Project("{9A19103F-16F7-4668-BE54-9A1E7A4F7556}") = "FSTD.Infrastructure", "src\FSTD.Infrastructure\FSTD.Infrastructure.csproj", "{5DB4530C-ABAD-43D9-8314-D1FE9C958CB4}"
EndProject
Project("{2150E333-8FDC-42A3-9474-1A3956D46DE8}") = "SolutionFiles", "SolutionFiles", "{FBB6EE61-D734-440E-92DF-F219C6BB2081}"
	ProjectSection(SolutionItems) = preProject
		.dockerignore = .dockerignore
		.runsettings = .runsettings
		Dockerfile = Dockerfile
	EndProjectSection
EndProject
Project("{9A19103F-16F7-4668-BE54-9A1E7A4F7556}") = "FSTD.DataCore", "src\FSTD.DataCore\FSTD.DataCore.csproj", "{78532075-FF02-49D7-93DC-4C3F8D235565}"
EndProject
Project("{2150E333-8FDC-42A3-9474-1A3956D46DE8}") = "Tests", "Tests", "{84393C75-CC61-4493-B7E6-7C554859D47E}"
EndProject
Project("{9A19103F-16F7-4668-BE54-9A1E7A4F7556}") = "FSTD.Application.Unit.Tests", "src\FSTD.Tests\FSTD.Application.Tests\FSTD.Application.Unit.Tests.csproj", "{5BAD5C2E-3650-4C90-964E-951673334F79}"
EndProject
Project("{2150E333-8FDC-42A3-9474-1A3956D46DE8}") = "Externals", "Externals", "{FBE1A061-D265-43A7-9D82-84C91E57944D}"
EndProject
Project("{9A19103F-16F7-4668-BE54-9A1E7A4F7556}") = "FSTD.ExceptionsHandler", "..\..\helpers\ErrorsHandler\src\FSTD.ExceptionsHandler\FSTD.ExceptionsHandler.csproj", "{E649883A-6548-45A5-9135-2B4DAD534422}"
EndProject
Project("{9A19103F-16F7-4668-BE54-9A1E7A4F7556}") = "FSTD.Exeptions.Models", "..\..\helpers\ErrorsHandler\src\FSTD.Exeptions.Models\FSTD.Exeptions.Models.csproj", "{28CF73E0-EE04-4E87-AEE4-0C9835A09A93}"
EndProject
Project("{2150E333-8FDC-42A3-9474-1A3956D46DE8}") = "UnitTests", "UnitTests", "{BAB3FC32-6B0C-4A9F-8CF6-2E41F80849D9}"
EndProject
Project("{2150E333-8FDC-42A3-9474-1A3956D46DE8}") = "IntegrationTests", "IntegrationTests", "{9BD581E2-9DA3-4875-94E9-8E69E7EA6C4E}"
EndProject
Project("{2150E333-8FDC-42A3-9474-1A3956D46DE8}") = "FunctionalTests", "FunctionalTests", "{04619CEE-5FC1-44BD-9E2F-B9B26D1E4580}"
EndProject
Project("{9A19103F-16F7-4668-BE54-9A1E7A4F7556}") = "FSTD.Infrastructure.Unit.Tests", "src\FSTD.Tests\FSTD.Infrastructure.Tests\FSTD.Infrastructure.Unit.Tests.csproj", "{363DB6E8-2A66-46F7-BAA3-4E6D14EE98AC}"
EndProject
Project("{9A19103F-16F7-4668-BE54-9A1E7A4F7556}") = "FSTD.Infrastructure.Integration.Tests", "src\FSTD.Tests\FSTD.Infrastructure.Integration.tsts\FSTD.Infrastructure.Integration.Tests.csproj", "{BBADBBE9-4DB9-4BAE-AD25-EA1A08D62EC9}"
EndProject
Project("{9A19103F-16F7-4668-BE54-9A1E7A4F7556}") = "FSTD.API.Functional.Tests", "src\FSTD.Tests\FSTD.API.Functional.Tests\FSTD.API.Functional.Tests.csproj", "{AF88F586-D482-474D-92BC-9F4C17AAE950}"
EndProject
Global
	GlobalSection(SolutionConfigurationPlatforms) = preSolution
		Debug|Any CPU = Debug|Any CPU
		Release|Any CPU = Release|Any CPU
	EndGlobalSection
	GlobalSection(ProjectConfigurationPlatforms) = postSolution
		{F7797B1E-1A72-4C64-ACF1-7DA4F2C931F8}.Debug|Any CPU.ActiveCfg = Debug|Any CPU
		{F7797B1E-1A72-4C64-ACF1-7DA4F2C931F8}.Debug|Any CPU.Build.0 = Debug|Any CPU
		{F7797B1E-1A72-4C64-ACF1-7DA4F2C931F8}.Release|Any CPU.ActiveCfg = Release|Any CPU
		{F7797B1E-1A72-4C64-ACF1-7DA4F2C931F8}.Release|Any CPU.Build.0 = Release|Any CPU
		{253D0F69-8237-41B9-A628-00721CBEF5FC}.Debug|Any CPU.ActiveCfg = Debug|Any CPU
		{253D0F69-8237-41B9-A628-00721CBEF5FC}.Debug|Any CPU.Build.0 = Debug|Any CPU
		{253D0F69-8237-41B9-A628-00721CBEF5FC}.Release|Any CPU.ActiveCfg = Release|Any CPU
		{253D0F69-8237-41B9-A628-00721CBEF5FC}.Release|Any CPU.Build.0 = Release|Any CPU
		{5DB4530C-ABAD-43D9-8314-D1FE9C958CB4}.Debug|Any CPU.ActiveCfg = Debug|Any CPU
		{5DB4530C-ABAD-43D9-8314-D1FE9C958CB4}.Debug|Any CPU.Build.0 = Debug|Any CPU
		{5DB4530C-ABAD-43D9-8314-D1FE9C958CB4}.Release|Any CPU.ActiveCfg = Release|Any CPU
		{5DB4530C-ABAD-43D9-8314-D1FE9C958CB4}.Release|Any CPU.Build.0 = Release|Any CPU
		{78532075-FF02-49D7-93DC-4C3F8D235565}.Debug|Any CPU.ActiveCfg = Debug|Any CPU
		{78532075-FF02-49D7-93DC-4C3F8D235565}.Debug|Any CPU.Build.0 = Debug|Any CPU
		{78532075-FF02-49D7-93DC-4C3F8D235565}.Release|Any CPU.ActiveCfg = Release|Any CPU
		{78532075-FF02-49D7-93DC-4C3F8D235565}.Release|Any CPU.Build.0 = Release|Any CPU
		{5BAD5C2E-3650-4C90-964E-951673334F79}.Debug|Any CPU.ActiveCfg = Debug|Any CPU
		{5BAD5C2E-3650-4C90-964E-951673334F79}.Debug|Any CPU.Build.0 = Debug|Any CPU
		{5BAD5C2E-3650-4C90-964E-951673334F79}.Release|Any CPU.ActiveCfg = Release|Any CPU
		{5BAD5C2E-3650-4C90-964E-951673334F79}.Release|Any CPU.Build.0 = Release|Any CPU
		{E649883A-6548-45A5-9135-2B4DAD534422}.Debug|Any CPU.ActiveCfg = Debug|Any CPU
		{E649883A-6548-45A5-9135-2B4DAD534422}.Debug|Any CPU.Build.0 = Debug|Any CPU
		{E649883A-6548-45A5-9135-2B4DAD534422}.Release|Any CPU.ActiveCfg = Release|Any CPU
		{E649883A-6548-45A5-9135-2B4DAD534422}.Release|Any CPU.Build.0 = Release|Any CPU
		{28CF73E0-EE04-4E87-AEE4-0C9835A09A93}.Debug|Any CPU.ActiveCfg = Debug|Any CPU
		{28CF73E0-EE04-4E87-AEE4-0C9835A09A93}.Debug|Any CPU.Build.0 = Debug|Any CPU
		{28CF73E0-EE04-4E87-AEE4-0C9835A09A93}.Release|Any CPU.ActiveCfg = Release|Any CPU
		{28CF73E0-EE04-4E87-AEE4-0C9835A09A93}.Release|Any CPU.Build.0 = Release|Any CPU
		{363DB6E8-2A66-46F7-BAA3-4E6D14EE98AC}.Debug|Any CPU.ActiveCfg = Debug|Any CPU
		{363DB6E8-2A66-46F7-BAA3-4E6D14EE98AC}.Debug|Any CPU.Build.0 = Debug|Any CPU
		{363DB6E8-2A66-46F7-BAA3-4E6D14EE98AC}.Release|Any CPU.ActiveCfg = Release|Any CPU
		{363DB6E8-2A66-46F7-BAA3-4E6D14EE98AC}.Release|Any CPU.Build.0 = Release|Any CPU
		{BBADBBE9-4DB9-4BAE-AD25-EA1A08D62EC9}.Debug|Any CPU.ActiveCfg = Debug|Any CPU
		{BBADBBE9-4DB9-4BAE-AD25-EA1A08D62EC9}.Debug|Any CPU.Build.0 = Debug|Any CPU
		{BBADBBE9-4DB9-4BAE-AD25-EA1A08D62EC9}.Release|Any CPU.ActiveCfg = Release|Any CPU
		{BBADBBE9-4DB9-4BAE-AD25-EA1A08D62EC9}.Release|Any CPU.Build.0 = Release|Any CPU
		{AF88F586-D482-474D-92BC-9F4C17AAE950}.Debug|Any CPU.ActiveCfg = Debug|Any CPU
		{AF88F586-D482-474D-92BC-9F4C17AAE950}.Debug|Any CPU.Build.0 = Debug|Any CPU
		{AF88F586-D482-474D-92BC-9F4C17AAE950}.Release|Any CPU.ActiveCfg = Release|Any CPU
		{AF88F586-D482-474D-92BC-9F4C17AAE950}.Release|Any CPU.Build.0 = Release|Any CPU
	EndGlobalSection
	GlobalSection(SolutionProperties) = preSolution
		HideSolutionNode = FALSE
	EndGlobalSection
	GlobalSection(NestedProjects) = preSolution
		{F7797B1E-1A72-4C64-ACF1-7DA4F2C931F8} = {D4381078-6591-4914-8F3E-E8DE7D19947C}
		{253D0F69-8237-41B9-A628-00721CBEF5FC} = {DEE47F12-F4E6-4918-A9EE-E40C5EA497FC}
		{5DB4530C-ABAD-43D9-8314-D1FE9C958CB4} = {DEE47F12-F4E6-4918-A9EE-E40C5EA497FC}
		{78532075-FF02-49D7-93DC-4C3F8D235565} = {DEE47F12-F4E6-4918-A9EE-E40C5EA497FC}
		{5BAD5C2E-3650-4C90-964E-951673334F79} = {BAB3FC32-6B0C-4A9F-8CF6-2E41F80849D9}
		{E649883A-6548-45A5-9135-2B4DAD534422} = {FBE1A061-D265-43A7-9D82-84C91E57944D}
		{28CF73E0-EE04-4E87-AEE4-0C9835A09A93} = {FBE1A061-D265-43A7-9D82-84C91E57944D}
		{BAB3FC32-6B0C-4A9F-8CF6-2E41F80849D9} = {84393C75-CC61-4493-B7E6-7C554859D47E}
		{9BD581E2-9DA3-4875-94E9-8E69E7EA6C4E} = {84393C75-CC61-4493-B7E6-7C554859D47E}
		{04619CEE-5FC1-44BD-9E2F-B9B26D1E4580} = {84393C75-CC61-4493-B7E6-7C554859D47E}
		{363DB6E8-2A66-46F7-BAA3-4E6D14EE98AC} = {BAB3FC32-6B0C-4A9F-8CF6-2E41F80849D9}
		{BBADBBE9-4DB9-4BAE-AD25-EA1A08D62EC9} = {9BD581E2-9DA3-4875-94E9-8E69E7EA6C4E}
		{AF88F586-D482-474D-92BC-9F4C17AAE950} = {04619CEE-5FC1-44BD-9E2F-B9B26D1E4580}
	EndGlobalSection
	GlobalSection(ExtensibilityGlobals) = postSolution
		SolutionGuid = {45243E87-9AD7-4046-A326-E5B17E28A007}
	EndGlobalSection
EndGlobal
